<?xml version="1.0" encoding="utf-8"?>
<Project ToolsVersion="4.0" xmlns="http://schemas.microsoft.com/developer/msbuild/2003">
  <ItemGroup>
    <Filter Include="Source Files">
      <UniqueIdentifier>{4FC737F1-C7A5-4376-A066-2A32D752A2FF}</UniqueIdentifier>
      <Extensions>cpp;c;cc;cxx;def;odl;idl;hpj;bat;asm;asmx</Extensions>
    </Filter>
    <Filter Include="Header Files">
      <UniqueIdentifier>{93995380-89BD-4b04-88EB-625FBE52EBFB}</UniqueIdentifier>
      <Extensions>h;hh;hpp;hxx;hm;inl;inc;xsd</Extensions>
    </Filter>
    <Filter Include="Resource Files">
      <UniqueIdentifier>{67DA6AB6-F800-4c08-8B7A-83BB121AAD01}</UniqueIdentifier>
      <Extensions>rc;ico;cur;bmp;dlg;rc2;rct;bin;rgs;gif;jpg;jpeg;jpe;resx;tiff;tif;png;wav;mfcribbon-ms</Extensions>
    </Filter>
  </ItemGroup>
  <ItemGroup>
    <ClCompile Include="RDS_main_Form.cpp">
      <Filter>Source Files</Filter>
    </ClCompile>
    <ClCompile Include="DateTime_Form.cpp">
      <Filter>Source Files</Filter>
    </ClCompile>
    <ClCompile Include="FltSchedule_Form.cpp">
      <Filter>Source Files</Filter>
    </ClCompile>
    <ClCompile Include="SPA.cpp">
      <Filter>Source Files</Filter>
    </ClCompile>
    <ClCompile Include="IOTcommunicator.cpp">
      <Filter>Source Files</Filter>
    </ClCompile>
    <ClCompile Include="spa_cmd.cpp">
      <Filter>Source Files</Filter>
    </ClCompile>
    <ClCompile Include="set_T_form.cpp">
      <Filter>Source Files</Filter>
    </ClCompile>
    <ClCompile Include="set_FltDay_form.cpp">
      <Filter>Source Files</Filter>
    </ClCompile>
    <ClCompile Include="set_UVday_form.cpp">
      <Filter>Source Files</Filter>
    </ClCompile>
    <ClCompile Include="EcoSchedule_Form.cpp">
      <Filter>Source Files</Filter>
    </ClCompile>
    <ClCompile Include="login.cpp">
      <Filter>Source Files</Filter>
    </ClCompile>
    <ClCompile Include="nas_user.cpp">
      <Filter>Source Files</Filter>
    </ClCompile>
    <ClCompile Include="EH_Form.cpp">
      <Filter>Source Files</Filter>
    </ClCompile>
    <ClCompile Include="RDS_main_AD.cpp">
      <Filter>Source Files</Filter>
    </ClCompile>
    <ClCompile Include="RDS_main_Msg.cpp">
      <Filter>Source Files</Filter>
    </ClCompile>
    <ClCompile Include="RDS_main_UIupdate.cpp">
      <Filter>Source Files</Filter>
    </ClCompile>
    <ClCompile Include="RDS_main_rtps.cpp">
      <Filter>Source Files</Filter>
    </ClCompile>
    <ClCompile Include="rptDisp.cpp">
      <Filter>Source Files</Filter>
    </ClCompile>
    <ClCompile Include="HistoryForm.cpp">
      <Filter>Source Files</Filter>
    </ClCompile>
    <ClCompile Include="HistLogForm.cpp">
      <Filter>Source Files</Filter>
    </ClCompile>
    <ClCompile Include="OpenSCForm.cpp">
      <Filter>Source Files</Filter>
    </ClCompile>
    <ClCompile Include="set_SF_Form.cpp">
      <Filter>Source Files</Filter>
    </ClCompile>
    <ClCompile Include="set_PF_Form.cpp">
      <Filter>Source Files</Filter>
    </ClCompile>
  </ItemGroup>
  <ItemGroup>
    <ClInclude Include="RDS_main_Form.h">
      <Filter>Header Files</Filter>
    </ClInclude>
    <ClInclude Include="RDS_project.h">
      <Filter>Header Files</Filter>
    </ClInclude>
    <ClInclude Include="platform_Config.h">
      <Filter>Header Files</Filter>
    </ClInclude>
    <ClInclude Include="DateTime_Form.h">
      <Filter>Header Files</Filter>
    </ClInclude>
    <ClInclude Include="FltSchedule_Form.h">
      <Filter>Header Files</Filter>
    </ClInclude>
    <ClInclude Include="SPA.h">
      <Filter>Header Files</Filter>
    </ClInclude>
    <ClInclude Include="IOTcommunicator.h">
      <Filter>Header Files</Filter>
    </ClInclude>
    <ClInclude Include="..\..\IOTCAPI_Release\Include\IOTCAPIs.h">
      <Filter>Header Files</Filter>
    </ClInclude>
    <ClInclude Include="spa_cmd.h">
      <Filter>Header Files</Filter>
    </ClInclude>
    <ClInclude Include="set_T_form.h">
      <Filter>Header Files</Filter>
    </ClInclude>
    <ClInclude Include="set_FltDay_form.h">
      <Filter>Header Files</Filter>
    </ClInclude>
    <ClInclude Include="set_UVday_form.h">
      <Filter>Header Files</Filter>
    </ClInclude>
    <ClInclude Include="EcoSchedule_Form.h">
      <Filter>Header Files</Filter>
    </ClInclude>
    <ClInclude Include="login.h">
      <Filter>Header Files</Filter>
    </ClInclude>
    <ClInclude Include="nas_user.h">
      <Filter>Header Files</Filter>
    </ClInclude>
    <ClInclude Include="ErrMsg.h">
      <Filter>Header Files</Filter>
    </ClInclude>
    <ClInclude Include="EH_Form.h">
      <Filter>Header Files</Filter>
    </ClInclude>
    <ClInclude Include="main_global.h">
      <Filter>Header Files</Filter>
    </ClInclude>
    <ClInclude Include="RDS_AD.h">
      <Filter>Header Files</Filter>
    </ClInclude>
    <ClInclude Include="rptDisp.h">
      <Filter>Header Files</Filter>
    </ClInclude>
    <ClInclude Include="HistoryForm.h">
      <Filter>Header Files</Filter>
    </ClInclude>
    <ClInclude Include="HistLogForm.h">
      <Filter>Header Files</Filter>
    </ClInclude>
    <ClInclude Include="OpenSCForm.h">
      <Filter>Header Files</Filter>
    </ClInclude>
    <ClInclude Include="Log.h">
      <Filter>Header Files</Filter>
    </ClInclude>
    <ClInclude Include="RDSreport.h">
      <Filter>Header Files</Filter>
    </ClInclude>
    <ClInclude Include="set_SF_Form.h">
      <Filter>Header Files</Filter>
    </ClInclude>
    <ClInclude Include="set_PF_Form.h">
      <Filter>Header Files</Filter>
    </ClInclude>
    <ClInclude Include="msg.h">
      <Filter>Header Files</Filter>
    </ClInclude>
  </ItemGroup>
  <ItemGroup>
    <Image Include="Water_logo.ico">
      <Filter>Resource Files</Filter>
    </Image>
  </ItemGroup>
  <ItemGroup>
    <EmbeddedResource Include="RDS_main_Form.resx">
      <Filter>Resource Files</Filter>
    </EmbeddedResource>
    <EmbeddedResource Include="DateTime_Form.resx">
      <Filter>Resource Files</Filter>
    </EmbeddedResource>
    <EmbeddedResource Include="FltSchedule_Form.resx">
      <Filter>Resource Files</Filter>
    </EmbeddedResource>
    <EmbeddedResource Include="set_FltDay_form.resx">
      <Filter>Resource Files</Filter>
    </EmbeddedResource>
    <EmbeddedResource Include="set_T_form.resx">
      <Filter>Resource Files</Filter>
    </EmbeddedResource>
    <EmbeddedResource Include="set_UVday_form.resx">
      <Filter>Resource Files</Filter>
    </EmbeddedResource>
    <EmbeddedResource Include="EcoSchedule_Form.resx">
      <Filter>Resource Files</Filter>
    </EmbeddedResource>
    <EmbeddedResource Include="login.resx">
      <Filter>Resource Files</Filter>
    </EmbeddedResource>
    <EmbeddedResource Include="EH_Form.resx">
      <Filter>Resource Files</Filter>
    </EmbeddedResource>
    <EmbeddedResource Include="rptDisp.resx">
      <Filter>Resource Files</Filter>
    </EmbeddedResource>
    <EmbeddedResource Include="HistoryForm.resx">
      <Filter>Resource Files</Filter>
    </EmbeddedResource>
    <EmbeddedResource Include="HistLogForm.resx">
      <Filter>Resource Files</Filter>
    </EmbeddedResource>
    <EmbeddedResource Include="OpenSCForm.resx">
      <Filter>Resource Files</Filter>
    </EmbeddedResource>
    <EmbeddedResource Include="set_PF_Form.resx">
      <Filter>Resource Files</Filter>
    </EmbeddedResource>
    <EmbeddedResource Include="set_SF_Form.resx">
      <Filter>Resource Files</Filter>
    </EmbeddedResource>
  </ItemGroup>
  <ItemGroup>
    <None Include="..\..\IOTCAPI_Release\Lib\Win32\IOTCAPIs.dll" />
  </ItemGroup>
</Project>