<?xml version="1.0" encoding="utf-8"?>
<Project ToolsVersion="4.0" xmlns="http://schemas.microsoft.com/developer/msbuild/2003">
  <ItemGroup>
    <Filter Include="Source Files">
      <UniqueIdentifier>{4FC737F1-C7A5-4376-A066-2A32D752A2FF}</UniqueIdentifier>
      <Extensions>cpp;c;cc;cxx;def;odl;idl;hpj;bat;asm;asmx</Extensions>
    </Filter>
    <Filter Include="Header Files">
      <UniqueIdentifier>{93995380-89BD-4b04-88EB-625FBE52EBFB}</UniqueIdentifier>
      <Extensions>h;hh;hpp;hxx;hm;inl;inc;xsd</Extensions>
    </Filter>
    <Filter Include="Resource Files">
      <UniqueIdentifier>{67DA6AB6-F800-4c08-8B7A-83BB121AAD01}</UniqueIdentifier>
      <Extensions>rc;ico;cur;bmp;dlg;rc2;rct;bin;rgs;gif;jpg;jpeg;jpe;resx;tiff;tif;png;wav;mfcribbon-ms</Extensions>
    </Filter>
  </ItemGroup>
  <ItemGroup>
    <ClCompile Include="UserList_Form.cpp">
      <Filter>Source Files</Filter>
    </ClCompile>
    <ClCompile Include="SupervisorForm.cpp">
      <Filter>Source Files</Filter>
    </ClCompile>
    <ClCompile Include="RDSadminMainForm.cpp">
      <Filter>Source Files</Filter>
    </ClCompile>
    <ClCompile Include="login.cpp">
      <Filter>Source Files</Filter>
    </ClCompile>
    <ClCompile Include="nas_state.cpp">
      <Filter>Source Files</Filter>
    </ClCompile>
    <ClCompile Include="AddUserForm.cpp">
      <Filter>Source Files</Filter>
    </ClCompile>
    <ClCompile Include="UserForm.cpp">
      <Filter>Source Files</Filter>
    </ClCompile>
    <ClCompile Include="main.cpp">
      <Filter>Source Files</Filter>
    </ClCompile>
    <ClCompile Include="rpt_b_Form.cpp">
      <Filter>Source Files</Filter>
    </ClCompile>
    <ClCompile Include="rptDisp.cpp">
      <Filter>Source Files</Filter>
    </ClCompile>
    <ClCompile Include="DealerListForm.cpp">
      <Filter>Source Files</Filter>
    </ClCompile>
    <ClCompile Include="AddDealerForm.cpp">
      <Filter>Source Files</Filter>
    </ClCompile>
    <ClCompile Include="DealerForm.cpp">
      <Filter>Source Files</Filter>
    </ClCompile>
    <ClCompile Include="DashBrdForm.cpp">
      <Filter>Source Files</Filter>
    </ClCompile>
    <ClCompile Include="Dash2Form.cpp">
      <Filter>Source Files</Filter>
    </ClCompile>
  </ItemGroup>
  <ItemGroup>
    <ClInclude Include="UserList_Form.h">
      <Filter>Header Files</Filter>
    </ClInclude>
    <ClInclude Include="SupervisorForm.h">
      <Filter>Header Files</Filter>
    </ClInclude>
    <ClInclude Include="RDSadminMainForm.h">
      <Filter>Header Files</Filter>
    </ClInclude>
    <ClInclude Include="login.h">
      <Filter>Header Files</Filter>
    </ClInclude>
    <ClInclude Include="resource.h">
      <Filter>Header Files</Filter>
    </ClInclude>
    <ClInclude Include="nas_state.h">
      <Filter>Header Files</Filter>
    </ClInclude>
    <ClInclude Include="AddUserForm.h">
      <Filter>Header Files</Filter>
    </ClInclude>
    <ClInclude Include="UserForm.h">
      <Filter>Header Files</Filter>
    </ClInclude>
    <ClInclude Include="rpt_b_Form.h">
      <Filter>Header Files</Filter>
    </ClInclude>
    <ClInclude Include="RDSreport.h">
      <Filter>Header Files</Filter>
    </ClInclude>
    <ClInclude Include="rptDisp.h">
      <Filter>Header Files</Filter>
    </ClInclude>
    <ClInclude Include="CauseEquip.h">
      <Filter>Header Files</Filter>
    </ClInclude>
    <ClInclude Include="global.h">
      <Filter>Header Files</Filter>
    </ClInclude>
    <ClInclude Include="msg.h">
      <Filter>Header Files</Filter>
    </ClInclude>
    <ClInclude Include="RDSadmin_project.h">
      <Filter>Header Files</Filter>
    </ClInclude>
    <ClInclude Include="DealerListForm.h">
      <Filter>Header Files</Filter>
    </ClInclude>
    <ClInclude Include="AddDealerForm.h">
      <Filter>Header Files</Filter>
    </ClInclude>
    <ClInclude Include="DealerForm.h">
      <Filter>Header Files</Filter>
    </ClInclude>
    <ClInclude Include="DashBrdForm.h">
      <Filter>Header Files</Filter>
    </ClInclude>
    <ClInclude Include="Dash2Form.h">
      <Filter>Header Files</Filter>
    </ClInclude>
    <ClInclude Include="data4chart.h">
      <Filter>Header Files</Filter>
    </ClInclude>
    <ClInclude Include="global_chart.h">
      <Filter>Header Files</Filter>
    </ClInclude>
  </ItemGroup>
  <ItemGroup>
    <EmbeddedResource Include="SupervisorForm.resx">
      <Filter>Resource Files</Filter>
    </EmbeddedResource>
    <EmbeddedResource Include="UserList_Form.resx">
      <Filter>Resource Files</Filter>
    </EmbeddedResource>
    <EmbeddedResource Include="RDSadminMainForm.resx">
      <Filter>Resource Files</Filter>
    </EmbeddedResource>
    <EmbeddedResource Include="login.resx">
      <Filter>Resource Files</Filter>
    </EmbeddedResource>
    <EmbeddedResource Include="AddUserForm.resx">
      <Filter>Resource Files</Filter>
    </EmbeddedResource>
    <EmbeddedResource Include="UserForm.resx">
      <Filter>Resource Files</Filter>
    </EmbeddedResource>
    <EmbeddedResource Include="rptDisp.resx">
      <Filter>Resource Files</Filter>
    </EmbeddedResource>
    <EmbeddedResource Include="rpt_b_Form.resx">
      <Filter>Resource Files</Filter>
    </EmbeddedResource>
    <EmbeddedResource Include="AddDealerForm.resx">
      <Filter>Resource Files</Filter>
    </EmbeddedResource>
    <EmbeddedResource Include="DealerForm.resx">
      <Filter>Resource Files</Filter>
    </EmbeddedResource>
    <EmbeddedResource Include="DealerListForm.resx">
      <Filter>Resource Files</Filter>
    </EmbeddedResource>
    <EmbeddedResource Include="Dash2Form.resx">
      <Filter>Resource Files</Filter>
    </EmbeddedResource>
    <EmbeddedResource Include="DashBrdForm.resx">
      <Filter>Resource Files</Filter>
    </EmbeddedResource>
  </ItemGroup>
  <ItemGroup>
    <ResourceCompile Include="RDSadmin.rc">
      <Filter>Resource Files</Filter>
    </ResourceCompile>
  </ItemGroup>
</Project>